{
  "version": 4,
  "terraform_version": "1.7.3",
  "serial": 4,
  "lineage": "b5df8ac1-6611-725d-65c5-b5b16c356af2",
  "outputs": {},
  "resources": [
    {
      "mode": "managed",
      "type": "spotify_playlist",
      "name": "punjabi",
      "provider": "provider[\"registry.terraform.io/conradludgate/spotify\"]",
      "instances": [
        {
          "schema_version": 0,
          "attributes": {
            "description": "My playlist is so awesome",
            "id": "2nLcIVIzbPdM85z7OF2s95",
            "name": "punjabi",
            "public": false,
            "snapshot_id": "AAAAAp5wFzM1RJfrMqii2Ew8hgD4j+Rs",
            "tracks": [
              "1eZefeDb8uOsjvcbl1fJrG"
            ]
          },
          "sensitive_attributes": [],
          "private": "bnVsbA=="
        }
      ]
    }
  ],
  "check_results": null
}
